
Microsoft Visual Studio Solution File, Format Version 12.00
# Visual Studio Version 17
VisualStudioVersion = 17.2.32526.322
MinimumVisualStudioVersion = 10.0.40219.1
Project("{FAE04EC0-301F-11D3-BF4B-00C04F79EFBC}") = "Lab3", "Lab3\Lab3.csproj", "{9A48F5BF-C01C-4AC0-9257-4853B97D197B}"
EndProject
Global
	GlobalSection(SolutionConfigurationPlatforms) = preSolution
		Debug|Any CPU = Debug|Any CPU
		Release|Any CPU = Release|Any CPU
	EndGlobalSection
	GlobalSection(ProjectConfigurationPlatforms) = postSolution
		{9A48F5BF-C01C-4AC0-9257-4853B97D197B}.Debug|Any CPU.ActiveCfg = Debug|Any CPU
		{9A48F5BF-C01C-4AC0-9257-4853B97D197B}.Debug|Any CPU.Build.0 = Debug|Any CPU
		{9A48F5BF-C01C-4AC0-9257-4853B97D197B}.Release|Any CPU.ActiveCfg = Release|Any CPU
		{9A48F5BF-C01C-4AC0-9257-4853B97D197B}.Release|Any CPU.Build.0 = Release|Any CPU
	EndGlobalSection
	GlobalSection(SolutionProperties) = preSolution
		HideSolutionNode = FALSE
	EndGlobalSection
	GlobalSection(ExtensibilityGlobals) = postSolution
		SolutionGuid = {F0FA37C2-A01C-49D4-988F-095D4086BE2D}
	EndGlobalSection
EndGlobal
